
Microsoft Visual Studio Solution File, Format Version 12.00
# Visual Studio 14
VisualStudioVersion = 14.0.25420.1
MinimumVisualStudioVersion = 10.0.40219.1
Project("{2150E333-8FDC-42A3-9474-1A3956D46DE8}") = "src", "src", "{1F2B050E-6129-43DD-80A3-94BC20D8FF7C}"
EndProject
Project("{2150E333-8FDC-42A3-9474-1A3956D46DE8}") = "Solution Items", "Solution Items", "{8C58ECA0-BD65-445D-B05D-ED113901C6C6}"
	ProjectSection(SolutionItems) = preProject
		global.json = global.json
	EndProjectSection
EndProject
Project("{8BB2217D-0F2D-49D1-97BC-3654ED321F3B}") = "SecureNetCoreBoilerPlate", "src\SecureNetCoreBoilerPlate\SecureNetCoreBoilerPlate.xproj", "{BD98A027-8EE3-46A5-A322-546F6174BA45}"
EndProject
Global
	GlobalSection(SolutionConfigurationPlatforms) = preSolution
		Debug|Any CPU = Debug|Any CPU
		Release|Any CPU = Release|Any CPU
	EndGlobalSection
	GlobalSection(ProjectConfigurationPlatforms) = postSolution
		{BD98A027-8EE3-46A5-A322-546F6174BA45}.Debug|Any CPU.ActiveCfg = Debug|Any CPU
		{BD98A027-8EE3-46A5-A322-546F6174BA45}.Debug|Any CPU.Build.0 = Debug|Any CPU
		{BD98A027-8EE3-46A5-A322-546F6174BA45}.Release|Any CPU.ActiveCfg = Release|Any CPU
		{BD98A027-8EE3-46A5-A322-546F6174BA45}.Release|Any CPU.Build.0 = Release|Any CPU
	EndGlobalSection
	GlobalSection(SolutionProperties) = preSolution
		HideSolutionNode = FALSE
	EndGlobalSection
	GlobalSection(NestedProjects) = preSolution
		{BD98A027-8EE3-46A5-A322-546F6174BA45} = {1F2B050E-6129-43DD-80A3-94BC20D8FF7C}
	EndGlobalSection
EndGlobal
